// !$*UTF8*$!
{
	archiveVersion = 1;
	classes = {
	};
	objectVersion = 46;
	objects = {

/* Begin PBXBuildFile section */
		BEE8D6C21B475FC6007688B1 /* AppDelegate.swift in Sources */ = {isa = PBXBuildFile; fileRef = BEE8D6C11B475FC6007688B1 /* AppDelegate.swift */; };
		BEE8D6C51B475FC6007688B1 /* Available.xcdatamodeld in Sources */ = {isa = PBXBuildFile; fileRef = BEE8D6C31B475FC6007688B1 /* Available.xcdatamodeld */; };
		BEE8D6C71B475FC6007688B1 /* ViewController.swift in Sources */ = {isa = PBXBuildFile; fileRef = BEE8D6C61B475FC6007688B1 /* ViewController.swift */; };
		BEE8D6CA1B475FC6007688B1 /* Main.storyboard in Resources */ = {isa = PBXBuildFile; fileRef = BEE8D6C81B475FC6007688B1 /* Main.storyboard */; };
		BEE8D6CC1B475FC6007688B1 /* Images.xcassets in Resources */ = {isa = PBXBuildFile; fileRef = BEE8D6CB1B475FC6007688B1 /* Images.xcassets */; };
		BEE8D6CF1B475FC6007688B1 /* LaunchScreen.xib in Resources */ = {isa = PBXBuildFile; fileRef = BEE8D6CD1B475FC6007688B1 /* LaunchScreen.xib */; };
		BEE8D6DB1B475FC6007688B1 /* AvailableTests.swift in Sources */ = {isa = PBXBuildFile; fileRef = BEE8D6DA1B475FC6007688B1 /* AvailableTests.swift */; };
/* End PBXBuildFile section */

/* Begin PBXContainerItemProxy section */
		BEE8D6D51B475FC6007688B1 /* PBXContainerItemProxy */ = {
			isa = PBXContainerItemProxy;
			containerPortal = BEE8D6B41B475FC6007688B1 /* Project object */;
			proxyType = 1;
			remoteGlobalIDString = BEE8D6BB1B475FC6007688B1;
			remoteInfo = Available;
		};
/* End PBXContainerItemProxy section */

/* Begin PBXFileReference section */
		BEE8D6BC1B475FC6007688B1 /* Available.app */ = {isa = PBXFileReference; explicitFileType = wrapper.application; includeInIndex = 0; path = Available.app; sourceTree = BUILT_PRODUCTS_DIR; };
		BEE8D6C01B475FC6007688B1 /* Info.plist */ = {isa = PBXFileReference; lastKnownFileType = text.plist.xml; path = Info.plist; sourceTree = "<group>"; };
		BEE8D6C11B475FC6007688B1 /* AppDelegate.swift */ = {isa = PBXFileReference; lastKnownFileType = sourcecode.swift; path = AppDelegate.swift; sourceTree = "<group>"; };
		BEE8D6C41B475FC6007688B1 /* Available.xcdatamodel */ = {isa = PBXFileReference; lastKnownFileType = wrapper.xcdatamodel; path = Available.xcdatamodel; sourceTree = "<group>"; };
		BEE8D6C61B475FC6007688B1 /* ViewController.swift */ = {isa = PBXFileReference; lastKnownFileType = sourcecode.swift; path = ViewController.swift; sourceTree = "<group>"; };
		BEE8D6C91B475FC6007688B1 /* Base */ = {isa = PBXFileReference; lastKnownFileType = file.storyboard; name = Base; path = Base.lproj/Main.storyboard; sourceTree = "<group>"; };
		BEE8D6CB1B475FC6007688B1 /* Images.xcassets */ = {isa = PBXFileReference; lastKnownFileType = folder.assetcatalog; path = Images.xcassets; sourceTree = "<group>"; };
		BEE8D6CE1B475FC6007688B1 /* Base */ = {isa = PBXFileReference; lastKnownFileType = file.xib; name = Base; path = Base.lproj/LaunchScreen.xib; sourceTree = "<group>"; };
		BEE8D6D41B475FC6007688B1 /* AvailableTests.xctest */ = {isa = PBXFileReference; explicitFileType = wrapper.cfbundle; includeInIndex = 0; path = AvailableTests.xctest; sourceTree = BUILT_PRODUCTS_DIR; };
		BEE8D6D91B475FC6007688B1 /* Info.plist */ = {isa = PBXFileReference; lastKnownFileType = text.plist.xml; path = Info.plist; sourceTree = "<group>"; };
		BEE8D6DA1B475FC6007688B1 /* AvailableTests.swift */ = {isa = PBXFileReference; lastKnownFileType = sourcecode.swift; path = AvailableTests.swift; sourceTree = "<group>"; };
/* End PBXFileReference section */

/* Begin PBXFrameworksBuildPhase section */
		BEE8D6B91B475FC6007688B1 /* Frameworks */ = {
			isa = PBXFrameworksBuildPhase;
			buildActionMask = 2147483647;
			files = (
			);
			runOnlyForDeploymentPostprocessing = 0;
		};
		BEE8D6D11B475FC6007688B1 /* Frameworks */ = {
			isa = PBXFrameworksBuildPhase;
			buildActionMask = 2147483647;
			files = (
			);
			runOnlyForDeploymentPostprocessing = 0;
		};
/* End PBXFrameworksBuildPhase section */

/* Begin PBXGroup section */
		BEE8D6B31B475FC6007688B1 = {
			isa = PBXGroup;
			children = (
				BEE8D6BE1B475FC6007688B1 /* Available */,
				BEE8D6D71B475FC6007688B1 /* AvailableTests */,
				BEE8D6BD1B475FC6007688B1 /* Products */,
			);
			sourceTree = "<group>";
		};
		BEE8D6BD1B475FC6007688B1 /* Products */ = {
			isa = PBXGroup;
			children = (
				BEE8D6BC1B475FC6007688B1 /* Available.app */,
				BEE8D6D41B475FC6007688B1 /* AvailableTests.xctest */,
			);
			name = Products;
			sourceTree = "<group>";
		};
		BEE8D6BE1B475FC6007688B1 /* Available */ = {
			isa = PBXGroup;
			children = (
				BEE8D6C11B475FC6007688B1 /* AppDelegate.swift */,
				BEE8D6C61B475FC6007688B1 /* ViewController.swift */,
				BEE8D6C81B475FC6007688B1 /* Main.storyboard */,
				BEE8D6CB1B475FC6007688B1 /* Images.xcassets */,
				BEE8D6CD1B475FC6007688B1 /* LaunchScreen.xib */,
				BEE8D6C31B475FC6007688B1 /* Available.xcdatamodeld */,
				BEE8D6BF1B475FC6007688B1 /* Supporting Files */,
			);
			path = Available;
			sourceTree = "<group>";
		};
		BEE8D6BF1B475FC6007688B1 /* Supporting Files */ = {
			isa = PBXGroup;
			children = (
				BEE8D6C01B475FC6007688B1 /* Info.plist */,
			);
			name = "Supporting Files";
			sourceTree = "<group>";
		};
		BEE8D6D71B475FC6007688B1 /* AvailableTests */ = {
			isa = PBXGroup;
			children = (
				BEE8D6DA1B475FC6007688B1 /* AvailableTests.swift */,
				BEE8D6D81B475FC6007688B1 /* Supporting Files */,
			);
			path = AvailableTests;
			sourceTree = "<group>";
		};
		BEE8D6D81B475FC6007688B1 /* Supporting Files */ = {
			isa = PBXGroup;
			children = (
				BEE8D6D91B475FC6007688B1 /* Info.plist */,
			);
			name = "Supporting Files";
			sourceTree = "<group>";
		};
/* End PBXGroup section */

/* Begin PBXNativeTarget section */
		BEE8D6BB1B475FC6007688B1 /* Available */ = {
			isa = PBXNativeTarget;
			buildConfigurationList = BEE8D6DE1B475FC6007688B1 /* Build configuration list for PBXNativeTarget "Available" */;
			buildPhases = (
				BEE8D6B81B475FC6007688B1 /* Sources */,
				BEE8D6B91B475FC6007688B1 /* Frameworks */,
				BEE8D6BA1B475FC6007688B1 /* Resources */,
			);
			buildRules = (
			);
			dependencies = (
			);
			name = Available;
			productName = Available;
			productReference = BEE8D6BC1B475FC6007688B1 /* Available.app */;
			productType = "com.apple.product-type.application";
		};
		BEE8D6D31B475FC6007688B1 /* AvailableTests */ = {
			isa = PBXNativeTarget;
			buildConfigurationList = BEE8D6E11B475FC6007688B1 /* Build configuration list for PBXNativeTarget "AvailableTests" */;
			buildPhases = (
				BEE8D6D01B475FC6007688B1 /* Sources */,
				BEE8D6D11B475FC6007688B1 /* Frameworks */,
				BEE8D6D21B475FC6007688B1 /* Resources */,
			);
			buildRules = (
			);
			dependencies = (
				BEE8D6D61B475FC6007688B1 /* PBXTargetDependency */,
			);
			name = AvailableTests;
			productName = AvailableTests;
			productReference = BEE8D6D41B475FC6007688B1 /* AvailableTests.xctest */;
			productType = "com.apple.product-type.bundle.unit-test";
		};
/* End PBXNativeTarget section */

/* Begin PBXProject section */
		BEE8D6B41B475FC6007688B1 /* Project object */ = {
			isa = PBXProject;
			attributes = {
				LastUpgradeCheck = 0630;
				ORGANIZATIONNAME = "Dan Crisan";
				TargetAttributes = {
					BEE8D6BB1B475FC6007688B1 = {
						CreatedOnToolsVersion = 6.3.1;
					};
					BEE8D6D31B475FC6007688B1 = {
						CreatedOnToolsVersion = 6.3.1;
						TestTargetID = BEE8D6BB1B475FC6007688B1;
					};
				};
			};
			buildConfigurationList = BEE8D6B71B475FC6007688B1 /* Build configuration list for PBXProject "Available" */;
			compatibilityVersion = "Xcode 3.2";
			developmentRegion = English;
			hasScannedForEncodings = 0;
			knownRegions = (
				en,
				Base,
			);
			mainGroup = BEE8D6B31B475FC6007688B1;
			productRefGroup = BEE8D6BD1B475FC6007688B1 /* Products */;
			projectDirPath = "";
			projectRoot = "";
			targets = (
				BEE8D6BB1B475FC6007688B1 /* Available */,
				BEE8D6D31B475FC6007688B1 /* AvailableTests */,
			);
		};
/* End PBXProject section */

/* Begin PBXResourcesBuildPhase section */
		BEE8D6BA1B475FC6007688B1 /* Resources */ = {
			isa = PBXResourcesBuildPhase;
			buildActionMask = 2147483647;
			files = (
				BEE8D6CA1B475FC6007688B1 /* Main.storyboard in Resources */,
				BEE8D6CF1B475FC6007688B1 /* LaunchScreen.xib in Resources */,
				BEE8D6CC1B475FC6007688B1 /* Images.xcassets in Resources */,
			);
			runOnlyForDeploymentPostprocessing = 0;
		};
		BEE8D6D21B475FC6007688B1 /* Resources */ = {
			isa = PBXResourcesBuildPhase;
			buildActionMask = 2147483647;
			files = (
			);
			runOnlyForDeploymentPostprocessing = 0;
		};
/* End PBXResourcesBuildPhase section */

/* Begin PBXSourcesBuildPhase section */
		BEE8D6B81B475FC6007688B1 /* Sources */ = {
			isa = PBXSourcesBuildPhase;
			buildActionMask = 2147483647;
			files = (
				BEE8D6C71B475FC6007688B1 /* ViewController.swift in Sources */,
				BEE8D6C21B475FC6007688B1 /* AppDelegate.swift in Sources */,
				BEE8D6C51B475FC6007688B1 /* Available.xcdatamodeld in Sources */,
			);
			runOnlyForDeploymentPostprocessing = 0;
		};
		BEE8D6D01B475FC6007688B1 /* Sources */ = {
			isa = PBXSourcesBuildPhase;
			buildActionMask = 2147483647;
			files = (
				BEE8D6DB1B475FC6007688B1 /* AvailableTests.swift in Sources */,
			);
			runOnlyForDeploymentPostprocessing = 0;
		};
/* End PBXSourcesBuildPhase section */

/* Begin PBXTargetDependency section */
		BEE8D6D61B475FC6007688B1 /* PBXTargetDependency */ = {
			isa = PBXTargetDependency;
			target = BEE8D6BB1B475FC6007688B1 /* Available */;
			targetProxy = BEE8D6D51B475FC6007688B1 /* PBXContainerItemProxy */;
		};
/* End PBXTargetDependency section */

/* Begin PBXVariantGroup section */
		BEE8D6C81B475FC6007688B1 /* Main.storyboard */ = {
			isa = PBXVariantGroup;
			children = (
				BEE8D6C91B475FC6007688B1 /* Base */,
			);
			name = Main.storyboard;
			sourceTree = "<group>";
		};
		BEE8D6CD1B475FC6007688B1 /* LaunchScreen.xib */ = {
			isa = PBXVariantGroup;
			children = (
				BEE8D6CE1B475FC6007688B1 /* Base */,
			);
			name = LaunchScreen.xib;
			sourceTree = "<group>";
		};
/* End PBXVariantGroup section */

/* Begin XCBuildConfiguration section */
		BEE8D6DC1B475FC6007688B1 /* Debug */ = {
			isa = XCBuildConfiguration;
			buildSettings = {
				ALWAYS_SEARCH_USER_PATHS = NO;
				CLANG_CXX_LANGUAGE_STANDARD = "gnu++0x";
				CLANG_CXX_LIBRARY = "libc++";
				CLANG_ENABLE_MODULES = YES;
				CLANG_ENABLE_OBJC_ARC = YES;
				CLANG_WARN_BOOL_CONVERSION = YES;
				CLANG_WARN_CONSTANT_CONVERSION = YES;
				CLANG_WARN_DIRECT_OBJC_ISA_USAGE = YES_ERROR;
				CLANG_WARN_EMPTY_BODY = YES;
				CLANG_WARN_ENUM_CONVERSION = YES;
				CLANG_WARN_INT_CONVERSION = YES;
				CLANG_WARN_OBJC_ROOT_CLASS = YES_ERROR;
				CLANG_WARN_UNREACHABLE_CODE = YES;
				CLANG_WARN__DUPLICATE_METHOD_MATCH = YES;
				"CODE_SIGN_IDENTITY[sdk=iphoneos*]" = "iPhone Developer";
				COPY_PHASE_STRIP = NO;
				DEBUG_INFORMATION_FORMAT = "dwarf-with-dsym";
				ENABLE_STRICT_OBJC_MSGSEND = YES;
				GCC_C_LANGUAGE_STANDARD = gnu99;
				GCC_DYNAMIC_NO_PIC = NO;
				GCC_NO_COMMON_BLOCKS = YES;
				GCC_OPTIMIZATION_LEVEL = 0;
				GCC_PREPROCESSOR_DEFINITIONS = (
					"DEBUG=1",
					"$(inherited)",
				);
				GCC_SYMBOLS_PRIVATE_EXTERN = NO;
				GCC_WARN_64_TO_32_BIT_CONVERSION = YES;
				GCC_WARN_ABOUT_RETURN_TYPE = YES_ERROR;
				GCC_WARN_UNDECLARED_SELECTOR = YES;
				GCC_WARN_UNINITIALIZED_AUTOS = YES_AGGRESSIVE;
				GCC_WARN_UNUSED_FUNCTION = YES;
				GCC_WARN_UNUSED_VARIABLE = YES;
				IPHONEOS_DEPLOYMENT_TARGET = 8.3;
				MTL_ENABLE_DEBUG_INFO = YES;
				ONLY_ACTIVE_ARCH = YES;
				SDKROOT = iphoneos;
				SWIFT_OPTIMIZATION_LEVEL = "-Onone";
			};
			name = Debug;
		};
		BEE8D6DD1B475FC6007688B1 /* Release */ = {
			isa = XCBuildConfiguration;
			buildSettings = {
				ALWAYS_SEARCH_USER_PATHS = NO;
				CLANG_CXX_LANGUAGE_STANDARD = "gnu++0x";
				CLANG_CXX_LIBRARY = "libc++";
				CLANG_ENABLE_MODULES = YES;
				CLANG_ENABLE_OBJC_ARC = YES;
				CLANG_WARN_BOOL_CONVERSION = YES;
				CLANG_WARN_CONSTANT_CONVERSION = YES;
				CLANG_WARN_DIRECT_OBJC_ISA_USAGE = YES_ERROR;
				CLANG_WARN_EMPTY_BODY = YES;
				CLANG_WARN_ENUM_CONVERSION = YES;
				CLANG_WARN_INT_CONVERSION = YES;
				CLANG_WARN_OBJC_ROOT_CLASS = YES_ERROR;
				CLANG_WARN_UNREACHABLE_CODE = YES;
				CLANG_WARN__DUPLICATE_METHOD_MATCH = YES;
				"CODE_SIGN_IDENTITY[sdk=iphoneos*]" = "iPhone Developer";
				COPY_PHASE_STRIP = NO;
				DEBUG_INFORMATION_FORMAT = "dwarf-with-dsym";
				ENABLE_NS_ASSERTIONS = NO;
				ENABLE_STRICT_OBJC_MSGSEND = YES;
				GCC_C_LANGUAGE_STANDARD = gnu99;
				GCC_NO_COMMON_BLOCKS = YES;
				GCC_WARN_64_TO_32_BIT_CONVERSION = YES;
				GCC_WARN_ABOUT_RETURN_TYPE = YES_ERROR;
				GCC_WARN_UNDECLARED_SELECTOR = YES;
				GCC_WARN_UNINITIALIZED_AUTOS = YES_AGGRESSIVE;
				GCC_WARN_UNUSED_FUNCTION = YES;
				GCC_WARN_UNUSED_VARIABLE = YES;
				IPHONEOS_DEPLOYMENT_TARGET = 8.3;
				MTL_ENABLE_DEBUG_INFO = NO;
				SDKROOT = iphoneos;
				VALIDATE_PRODUCT = YES;
			};
			name = Release;
		};
		BEE8D6DF1B475FC6007688B1 /* Debug */ = {
			isa = XCBuildConfiguration;
			buildSettings = {
				ASSETCATALOG_COMPILER_APPICON_NAME = AppIcon;
				INFOPLIST_FILE = Available/Info.plist;
				LD_RUNPATH_SEARCH_PATHS = "$(inherited) @executable_path/Frameworks";
				PRODUCT_NAME = "$(TARGET_NAME)";
			};
			name = Debug;
		};
		BEE8D6E01B475FC6007688B1 /* Release */ = {
			isa = XCBuildConfiguration;
			buildSettings = {
				ASSETCATALOG_COMPILER_APPICON_NAME = AppIcon;
				INFOPLIST_FILE = Available/Info.plist;
				LD_RUNPATH_SEARCH_PATHS = "$(inherited) @executable_path/Frameworks";
				PRODUCT_NAME = "$(TARGET_NAME)";
			};
			name = Release;
		};
		BEE8D6E21B475FC6007688B1 /* Debug */ = {
			isa = XCBuildConfiguration;
			buildSettings = {
				BUNDLE_LOADER = "$(TEST_HOST)";
				FRAMEWORK_SEARCH_PATHS = (
					"$(SDKROOT)/Developer/Library/Frameworks",
					"$(inherited)",
				);
				GCC_PREPROCESSOR_DEFINITIONS = (
					"DEBUG=1",
					"$(inherited)",
				);
				INFOPLIST_FILE = AvailableTests/Info.plist;
				LD_RUNPATH_SEARCH_PATHS = "$(inherited) @executable_path/Frameworks @loader_path/Frameworks";
				PRODUCT_NAME = "$(TARGET_NAME)";
				TEST_HOST = "$(BUILT_PRODUCTS_DIR)/Available.app/Available";
			};
			name = Debug;
		};
		BEE8D6E31B475FC6007688B1 /* Release */ = {
			isa = XCBuildConfiguration;
			buildSettings = {
				BUNDLE_LOADER = "$(TEST_HOST)";
				FRAMEWORK_SEARCH_PATHS = (
					"$(SDKROOT)/Developer/Library/Frameworks",
					"$(inherited)",
				);
				INFOPLIST_FILE = AvailableTests/Info.plist;
				LD_RUNPATH_SEARCH_PATHS = "$(inherited) @executable_path/Frameworks @loader_path/Frameworks";
				PRODUCT_NAME = "$(TARGET_NAME)";
				TEST_HOST = "$(BUILT_PRODUCTS_DIR)/Available.app/Available";
			};
			name = Release;
		};
/* End XCBuildConfiguration section */

/* Begin XCConfigurationList section */
		BEE8D6B71B475FC6007688B1 /* Build configuration list for PBXProject "Available" */ = {
			isa = XCConfigurationList;
			buildConfigurations = (
				BEE8D6DC1B475FC6007688B1 /* Debug */,
				BEE8D6DD1B475FC6007688B1 /* Release */,
			);
			defaultConfigurationIsVisible = 0;
			defaultConfigurationName = Release;
		};
		BEE8D6DE1B475FC6007688B1 /* Build configuration list for PBXNativeTarget "Available" */ = {
			isa = XCConfigurationList;
			buildConfigurations = (
				BEE8D6DF1B475FC6007688B1 /* Debug */,
				BEE8D6E01B475FC6007688B1 /* Release */,
			);
			defaultConfigurationIsVisible = 0;
		};
		BEE8D6E11B475FC6007688B1 /* Build configuration list for PBXNativeTarget "AvailableTests" */ = {
			isa = XCConfigurationList;
			buildConfigurations = (
				BEE8D6E21B475FC6007688B1 /* Debug */,
				BEE8D6E31B475FC6007688B1 /* Release */,
			);
			defaultConfigurationIsVisible = 0;
		};
/* End XCConfigurationList section */

/* Begin XCVersionGroup section */
		BEE8D6C31B475FC6007688B1 /* Available.xcdatamodeld */ = {
			isa = XCVersionGroup;
			children = (
				BEE8D6C41B475FC6007688B1 /* Available.xcdatamodel */,
			);
			currentVersion = BEE8D6C41B475FC6007688B1 /* Available.xcdatamodel */;
			path = Available.xcdatamodeld;
			sourceTree = "<group>";
			versionGroupType = wrapper.xcdatamodel;
		};
/* End XCVersionGroup section */
	};
	rootObject = BEE8D6B41B475FC6007688B1 /* Project object */;
}
